// !$*UTF8*$!
{
	archiveVersion = 1;
	classes = {
	};
	objectVersion = 56;
	objects = {

/* Begin PBXBuildFile section */
		A808496F2BAB574E00F295F5 /* GradePointAverageApp.swift in Sources */ = {isa = PBXBuildFile; fileRef = A808496E2BAB574E00F295F5 /* GradePointAverageApp.swift */; };
		A80849732BAB575000F295F5 /* Assets.xcassets in Resources */ = {isa = PBXBuildFile; fileRef = A80849722BAB575000F295F5 /* Assets.xcassets */; };
		A80849762BAB575000F295F5 /* Preview Assets.xcassets in Resources */ = {isa = PBXBuildFile; fileRef = A80849752BAB575000F295F5 /* Preview Assets.xcassets */; };
		A86590572BC279CB00EA9DBF /* Constants.swift in Sources */ = {isa = PBXBuildFile; fileRef = A86590562BC279CB00EA9DBF /* Constants.swift */; };
		A865905A2BC27A2F00EA9DBF /* CalculatorButtonStyle.swift in Sources */ = {isa = PBXBuildFile; fileRef = A86590592BC27A2F00EA9DBF /* CalculatorButtonStyle.swift */; };
		A865905D2BC27A6000EA9DBF /* ButtonType.swift in Sources */ = {isa = PBXBuildFile; fileRef = A865905C2BC27A6000EA9DBF /* ButtonType.swift */; };
		A865905F2BC27C6800EA9DBF /* Memory.swift in Sources */ = {isa = PBXBuildFile; fileRef = A865905E2BC27C6800EA9DBF /* Memory.swift */; };
		A86590622BC28E7B00EA9DBF /* CalculatorButton.swift in Sources */ = {isa = PBXBuildFile; fileRef = A86590612BC28E7B00EA9DBF /* CalculatorButton.swift */; };
		A865CCD12BB8163E00C6E08B /* GradeCalculatorView.swift in Sources */ = {isa = PBXBuildFile; fileRef = A865CCD02BB8163E00C6E08B /* GradeCalculatorView.swift */; };
		A865CCD42BB817AD00C6E08B /* GradeCalculatorViewModel.swift in Sources */ = {isa = PBXBuildFile; fileRef = A865CCD32BB817AD00C6E08B /* GradeCalculatorViewModel.swift */; };
		A865CCD62BB8184D00C6E08B /* AverageCalculator.swift in Sources */ = {isa = PBXBuildFile; fileRef = A865CCD52BB8184D00C6E08B /* AverageCalculator.swift */; };
		A865CCD82BB818E400C6E08B /* Grade.swift in Sources */ = {isa = PBXBuildFile; fileRef = A865CCD72BB818E400C6E08B /* Grade.swift */; };
		A865CCDA2BB81AD000C6E08B /* GradeAverage.swift in Sources */ = {isa = PBXBuildFile; fileRef = A865CCD92BB81AD000C6E08B /* GradeAverage.swift */; };
		A865CCDC2BB8554D00C6E08B /* GradeCalculatorBuilder.swift in Sources */ = {isa = PBXBuildFile; fileRef = A865CCDB2BB8554D00C6E08B /* GradeCalculatorBuilder.swift */; };
/* End PBXBuildFile section */

/* Begin PBXFileReference section */
		A808496B2BAB574E00F295F5 /* GradePointAverage.app */ = {isa = PBXFileReference; explicitFileType = wrapper.application; includeInIndex = 0; path = GradePointAverage.app; sourceTree = BUILT_PRODUCTS_DIR; };
		A808496E2BAB574E00F295F5 /* GradePointAverageApp.swift */ = {isa = PBXFileReference; lastKnownFileType = sourcecode.swift; path = GradePointAverageApp.swift; sourceTree = "<group>"; };
		A80849722BAB575000F295F5 /* Assets.xcassets */ = {isa = PBXFileReference; lastKnownFileType = folder.assetcatalog; path = Assets.xcassets; sourceTree = "<group>"; };
		A80849752BAB575000F295F5 /* Preview Assets.xcassets */ = {isa = PBXFileReference; lastKnownFileType = folder.assetcatalog; path = "Preview Assets.xcassets"; sourceTree = "<group>"; };
		A86590562BC279CB00EA9DBF /* Constants.swift */ = {isa = PBXFileReference; lastKnownFileType = sourcecode.swift; path = Constants.swift; sourceTree = "<group>"; };
		A86590592BC27A2F00EA9DBF /* CalculatorButtonStyle.swift */ = {isa = PBXFileReference; lastKnownFileType = sourcecode.swift; path = CalculatorButtonStyle.swift; sourceTree = "<group>"; };
		A865905C2BC27A6000EA9DBF /* ButtonType.swift */ = {isa = PBXFileReference; lastKnownFileType = sourcecode.swift; path = ButtonType.swift; sourceTree = "<group>"; };
		A865905E2BC27C6800EA9DBF /* Memory.swift */ = {isa = PBXFileReference; lastKnownFileType = sourcecode.swift; path = Memory.swift; sourceTree = "<group>"; };
		A86590612BC28E7B00EA9DBF /* CalculatorButton.swift */ = {isa = PBXFileReference; lastKnownFileType = sourcecode.swift; path = CalculatorButton.swift; sourceTree = "<group>"; };
		A865CCD02BB8163E00C6E08B /* GradeCalculatorView.swift */ = {isa = PBXFileReference; fileEncoding = 4; lastKnownFileType = sourcecode.swift; path = GradeCalculatorView.swift; sourceTree = "<group>"; };
		A865CCD32BB817AD00C6E08B /* GradeCalculatorViewModel.swift */ = {isa = PBXFileReference; lastKnownFileType = sourcecode.swift; path = GradeCalculatorViewModel.swift; sourceTree = "<group>"; };
		A865CCD52BB8184D00C6E08B /* AverageCalculator.swift */ = {isa = PBXFileReference; lastKnownFileType = sourcecode.swift; path = AverageCalculator.swift; sourceTree = "<group>"; };
		A865CCD72BB818E400C6E08B /* Grade.swift */ = {isa = PBXFileReference; lastKnownFileType = sourcecode.swift; path = Grade.swift; sourceTree = "<group>"; };
		A865CCD92BB81AD000C6E08B /* GradeAverage.swift */ = {isa = PBXFileReference; lastKnownFileType = sourcecode.swift; path = GradeAverage.swift; sourceTree = "<group>"; };
		A865CCDB2BB8554D00C6E08B /* GradeCalculatorBuilder.swift */ = {isa = PBXFileReference; lastKnownFileType = sourcecode.swift; path = GradeCalculatorBuilder.swift; sourceTree = "<group>"; };
/* End PBXFileReference section */

/* Begin PBXFrameworksBuildPhase section */
		A80849682BAB574E00F295F5 /* Frameworks */ = {
			isa = PBXFrameworksBuildPhase;
			buildActionMask = 2147483647;
			files = (
			);
			runOnlyForDeploymentPostprocessing = 0;
		};
/* End PBXFrameworksBuildPhase section */

/* Begin PBXGroup section */
		A80849622BAB574E00F295F5 = {
			isa = PBXGroup;
			children = (
				A808496D2BAB574E00F295F5 /* GradePointAverage */,
				A808496C2BAB574E00F295F5 /* Products */,
			);
			sourceTree = "<group>";
		};
		A808496C2BAB574E00F295F5 /* Products */ = {
			isa = PBXGroup;
			children = (
				A808496B2BAB574E00F295F5 /* GradePointAverage.app */,
			);
			name = Products;
			sourceTree = "<group>";
		};
		A808496D2BAB574E00F295F5 /* GradePointAverage */ = {
			isa = PBXGroup;
			children = (
				A808496E2BAB574E00F295F5 /* GradePointAverageApp.swift */,
				A865CCDB2BB8554D00C6E08B /* GradeCalculatorBuilder.swift */,
				A86590562BC279CB00EA9DBF /* Constants.swift */,
				A865CCD22BB8178D00C6E08B /* GradeCalculator */,
				A80849722BAB575000F295F5 /* Assets.xcassets */,
				A80849742BAB575000F295F5 /* Preview Content */,
			);
			path = GradePointAverage;
			sourceTree = "<group>";
		};
		A80849742BAB575000F295F5 /* Preview Content */ = {
			isa = PBXGroup;
			children = (
				A80849752BAB575000F295F5 /* Preview Assets.xcassets */,
			);
			path = "Preview Content";
			sourceTree = "<group>";
		};
		A86590582BC27A1100EA9DBF /* Styles */ = {
			isa = PBXGroup;
			children = (
				A86590592BC27A2F00EA9DBF /* CalculatorButtonStyle.swift */,
			);
			path = Styles;
			sourceTree = "<group>";
		};
		A865905B2BC27A4600EA9DBF /* Models */ = {
			isa = PBXGroup;
			children = (
				A865905C2BC27A6000EA9DBF /* ButtonType.swift */,
				A865CCD92BB81AD000C6E08B /* GradeAverage.swift */,
				A865CCD72BB818E400C6E08B /* Grade.swift */,
				A865905E2BC27C6800EA9DBF /* Memory.swift */,
			);
			path = Models;
			sourceTree = "<group>";
		};
		A86590602BC28E6700EA9DBF /* Views */ = {
			isa = PBXGroup;
			children = (
				A865CCD02BB8163E00C6E08B /* GradeCalculatorView.swift */,
				A86590612BC28E7B00EA9DBF /* CalculatorButton.swift */,
			);
			path = Views;
			sourceTree = "<group>";
		};
		A865CCD22BB8178D00C6E08B /* GradeCalculator */ = {
			isa = PBXGroup;
			children = (
				A86590602BC28E6700EA9DBF /* Views */,
				A865905B2BC27A4600EA9DBF /* Models */,
				A86590582BC27A1100EA9DBF /* Styles */,
				A865CCD32BB817AD00C6E08B /* GradeCalculatorViewModel.swift */,
				A865CCD52BB8184D00C6E08B /* AverageCalculator.swift */,
			);
			path = GradeCalculator;
			sourceTree = "<group>";
		};
/* End PBXGroup section */

/* Begin PBXNativeTarget section */
		A808496A2BAB574E00F295F5 /* GradePointAverage */ = {
			isa = PBXNativeTarget;
			buildConfigurationList = A80849792BAB575000F295F5 /* Build configuration list for PBXNativeTarget "GradePointAverage" */;
			buildPhases = (
				A80849672BAB574E00F295F5 /* Sources */,
				A80849682BAB574E00F295F5 /* Frameworks */,
				A80849692BAB574E00F295F5 /* Resources */,
			);
			buildRules = (
			);
			dependencies = (
			);
			name = GradePointAverage;
			productName = GradePointAverage;
			productReference = A808496B2BAB574E00F295F5 /* GradePointAverage.app */;
			productType = "com.apple.product-type.application";
		};
/* End PBXNativeTarget section */

/* Begin PBXProject section */
		A80849632BAB574E00F295F5 /* Project object */ = {
			isa = PBXProject;
			attributes = {
				BuildIndependentTargetsInParallel = 1;
				LastSwiftUpdateCheck = 1510;
				LastUpgradeCheck = 1510;
				TargetAttributes = {
					A808496A2BAB574E00F295F5 = {
						CreatedOnToolsVersion = 15.1;
					};
				};
			};
			buildConfigurationList = A80849662BAB574E00F295F5 /* Build configuration list for PBXProject "GradePointAverage" */;
			compatibilityVersion = "Xcode 14.0";
			developmentRegion = en;
			hasScannedForEncodings = 0;
			knownRegions = (
				en,
				Base,
			);
			mainGroup = A80849622BAB574E00F295F5;
			productRefGroup = A808496C2BAB574E00F295F5 /* Products */;
			projectDirPath = "";
			projectRoot = "";
			targets = (
				A808496A2BAB574E00F295F5 /* GradePointAverage */,
			);
		};
/* End PBXProject section */

/* Begin PBXResourcesBuildPhase section */
		A80849692BAB574E00F295F5 /* Resources */ = {
			isa = PBXResourcesBuildPhase;
			buildActionMask = 2147483647;
			files = (
				A80849762BAB575000F295F5 /* Preview Assets.xcassets in Resources */,
				A80849732BAB575000F295F5 /* Assets.xcassets in Resources */,
			);
			runOnlyForDeploymentPostprocessing = 0;
		};
/* End PBXResourcesBuildPhase section */

/* Begin PBXSourcesBuildPhase section */
		A80849672BAB574E00F295F5 /* Sources */ = {
			isa = PBXSourcesBuildPhase;
			buildActionMask = 2147483647;
			files = (
				A808496F2BAB574E00F295F5 /* GradePointAverageApp.swift in Sources */,
				A865CCD12BB8163E00C6E08B /* GradeCalculatorView.swift in Sources */,
				A865CCD42BB817AD00C6E08B /* GradeCalculatorViewModel.swift in Sources */,
				A865CCDC2BB8554D00C6E08B /* GradeCalculatorBuilder.swift in Sources */,
				A865CCD82BB818E400C6E08B /* Grade.swift in Sources */,
				A865905F2BC27C6800EA9DBF /* Memory.swift in Sources */,
				A865905D2BC27A6000EA9DBF /* ButtonType.swift in Sources */,
				A86590622BC28E7B00EA9DBF /* CalculatorButton.swift in Sources */,
				A865CCD62BB8184D00C6E08B /* AverageCalculator.swift in Sources */,
				A865905A2BC27A2F00EA9DBF /* CalculatorButtonStyle.swift in Sources */,
				A865CCDA2BB81AD000C6E08B /* GradeAverage.swift in Sources */,
				A86590572BC279CB00EA9DBF /* Constants.swift in Sources */,
			);
			runOnlyForDeploymentPostprocessing = 0;
		};
/* End PBXSourcesBuildPhase section */

/* Begin XCBuildConfiguration section */
		A80849772BAB575000F295F5 /* Debug */ = {
			isa = XCBuildConfiguration;
			buildSettings = {
				ALWAYS_SEARCH_USER_PATHS = NO;
				ASSETCATALOG_COMPILER_GENERATE_SWIFT_ASSET_SYMBOL_EXTENSIONS = YES;
				CLANG_ANALYZER_NONNULL = YES;
				CLANG_ANALYZER_NUMBER_OBJECT_CONVERSION = YES_AGGRESSIVE;
				CLANG_CXX_LANGUAGE_STANDARD = "gnu++20";
				CLANG_ENABLE_MODULES = YES;
				CLANG_ENABLE_OBJC_ARC = YES;
				CLANG_ENABLE_OBJC_WEAK = YES;
				CLANG_WARN_BLOCK_CAPTURE_AUTORELEASING = YES;
				CLANG_WARN_BOOL_CONVERSION = YES;
				CLANG_WARN_COMMA = YES;
				CLANG_WARN_CONSTANT_CONVERSION = YES;
				CLANG_WARN_DEPRECATED_OBJC_IMPLEMENTATIONS = YES;
				CLANG_WARN_DIRECT_OBJC_ISA_USAGE = YES_ERROR;
				CLANG_WARN_DOCUMENTATION_COMMENTS = YES;
				CLANG_WARN_EMPTY_BODY = YES;
				CLANG_WARN_ENUM_CONVERSION = YES;
				CLANG_WARN_INFINITE_RECURSION = YES;
				CLANG_WARN_INT_CONVERSION = YES;
				CLANG_WARN_NON_LITERAL_NULL_CONVERSION = YES;
				CLANG_WARN_OBJC_IMPLICIT_RETAIN_SELF = YES;
				CLANG_WARN_OBJC_LITERAL_CONVERSION = YES;
				CLANG_WARN_OBJC_ROOT_CLASS = YES_ERROR;
				CLANG_WARN_QUOTED_INCLUDE_IN_FRAMEWORK_HEADER = YES;
				CLANG_WARN_RANGE_LOOP_ANALYSIS = YES;
				CLANG_WARN_STRICT_PROTOTYPES = YES;
				CLANG_WARN_SUSPICIOUS_MOVE = YES;
				CLANG_WARN_UNGUARDED_AVAILABILITY = YES_AGGRESSIVE;
				CLANG_WARN_UNREACHABLE_CODE = YES;
				CLANG_WARN__DUPLICATE_METHOD_MATCH = YES;
				COPY_PHASE_STRIP = NO;
				DEBUG_INFORMATION_FORMAT = dwarf;
				ENABLE_STRICT_OBJC_MSGSEND = YES;
				ENABLE_TESTABILITY = YES;
				ENABLE_USER_SCRIPT_SANDBOXING = YES;
				GCC_C_LANGUAGE_STANDARD = gnu17;
				GCC_DYNAMIC_NO_PIC = NO;
				GCC_NO_COMMON_BLOCKS = YES;
				GCC_OPTIMIZATION_LEVEL = 0;
				GCC_PREPROCESSOR_DEFINITIONS = (
					"DEBUG=1",
					"$(inherited)",
				);
				GCC_WARN_64_TO_32_BIT_CONVERSION = YES;
				GCC_WARN_ABOUT_RETURN_TYPE = YES_ERROR;
				GCC_WARN_UNDECLARED_SELECTOR = YES;
				GCC_WARN_UNINITIALIZED_AUTOS = YES_AGGRESSIVE;
				GCC_WARN_UNUSED_FUNCTION = YES;
				GCC_WARN_UNUSED_VARIABLE = YES;
				IPHONEOS_DEPLOYMENT_TARGET = 17.2;
				LOCALIZATION_PREFERS_STRING_CATALOGS = YES;
				MTL_ENABLE_DEBUG_INFO = INCLUDE_SOURCE;
				MTL_FAST_MATH = YES;
				ONLY_ACTIVE_ARCH = YES;
				SDKROOT = iphoneos;
				SWIFT_ACTIVE_COMPILATION_CONDITIONS = "DEBUG $(inherited)";
				SWIFT_OPTIMIZATION_LEVEL = "-Onone";
			};
			name = Debug;
		};
		A80849782BAB575000F295F5 /* Release */ = {
			isa = XCBuildConfiguration;
			buildSettings = {
				ALWAYS_SEARCH_USER_PATHS = NO;
				ASSETCATALOG_COMPILER_GENERATE_SWIFT_ASSET_SYMBOL_EXTENSIONS = YES;
				CLANG_ANALYZER_NONNULL = YES;
				CLANG_ANALYZER_NUMBER_OBJECT_CONVERSION = YES_AGGRESSIVE;
				CLANG_CXX_LANGUAGE_STANDARD = "gnu++20";
				CLANG_ENABLE_MODULES = YES;
				CLANG_ENABLE_OBJC_ARC = YES;
				CLANG_ENABLE_OBJC_WEAK = YES;
				CLANG_WARN_BLOCK_CAPTURE_AUTORELEASING = YES;
				CLANG_WARN_BOOL_CONVERSION = YES;
				CLANG_WARN_COMMA = YES;
				CLANG_WARN_CONSTANT_CONVERSION = YES;
				CLANG_WARN_DEPRECATED_OBJC_IMPLEMENTATIONS = YES;
				CLANG_WARN_DIRECT_OBJC_ISA_USAGE = YES_ERROR;
				CLANG_WARN_DOCUMENTATION_COMMENTS = YES;
				CLANG_WARN_EMPTY_BODY = YES;
				CLANG_WARN_ENUM_CONVERSION = YES;
				CLANG_WARN_INFINITE_RECURSION = YES;
				CLANG_WARN_INT_CONVERSION = YES;
				CLANG_WARN_NON_LITERAL_NULL_CONVERSION = YES;
				CLANG_WARN_OBJC_IMPLICIT_RETAIN_SELF = YES;
				CLANG_WARN_OBJC_LITERAL_CONVERSION = YES;
				CLANG_WARN_OBJC_ROOT_CLASS = YES_ERROR;
				CLANG_WARN_QUOTED_INCLUDE_IN_FRAMEWORK_HEADER = YES;
				CLANG_WARN_RANGE_LOOP_ANALYSIS = YES;
				CLANG_WARN_STRICT_PROTOTYPES = YES;
				CLANG_WARN_SUSPICIOUS_MOVE = YES;
				CLANG_WARN_UNGUARDED_AVAILABILITY = YES_AGGRESSIVE;
				CLANG_WARN_UNREACHABLE_CODE = YES;
				CLANG_WARN__DUPLICATE_METHOD_MATCH = YES;
				COPY_PHASE_STRIP = NO;
				DEBUG_INFORMATION_FORMAT = "dwarf-with-dsym";
				ENABLE_NS_ASSERTIONS = NO;
				ENABLE_STRICT_OBJC_MSGSEND = YES;
				ENABLE_USER_SCRIPT_SANDBOXING = YES;
				GCC_C_LANGUAGE_STANDARD = gnu17;
				GCC_NO_COMMON_BLOCKS = YES;
				GCC_WARN_64_TO_32_BIT_CONVERSION = YES;
				GCC_WARN_ABOUT_RETURN_TYPE = YES_ERROR;
				GCC_WARN_UNDECLARED_SELECTOR = YES;
				GCC_WARN_UNINITIALIZED_AUTOS = YES_AGGRESSIVE;
				GCC_WARN_UNUSED_FUNCTION = YES;
				GCC_WARN_UNUSED_VARIABLE = YES;
				IPHONEOS_DEPLOYMENT_TARGET = 17.2;
				LOCALIZATION_PREFERS_STRING_CATALOGS = YES;
				MTL_ENABLE_DEBUG_INFO = NO;
				MTL_FAST_MATH = YES;
				SDKROOT = iphoneos;
				SWIFT_COMPILATION_MODE = wholemodule;
				VALIDATE_PRODUCT = YES;
			};
			name = Release;
		};
		A808497A2BAB575000F295F5 /* Debug */ = {
			isa = XCBuildConfiguration;
			buildSettings = {
				ASSETCATALOG_COMPILER_APPICON_NAME = AppIcon;
				ASSETCATALOG_COMPILER_GLOBAL_ACCENT_COLOR_NAME = AccentColor;
				CODE_SIGN_STYLE = Automatic;
				CURRENT_PROJECT_VERSION = 1;
				DEVELOPMENT_ASSET_PATHS = "\"GradePointAverage/Preview Content\"";
				DEVELOPMENT_TEAM = KCR277F8KP;
				ENABLE_PREVIEWS = YES;
				GENERATE_INFOPLIST_FILE = YES;
				INFOPLIST_KEY_UIApplicationSceneManifest_Generation = YES;
				INFOPLIST_KEY_UIApplicationSupportsIndirectInputEvents = YES;
				INFOPLIST_KEY_UILaunchScreen_Generation = YES;
				INFOPLIST_KEY_UISupportedInterfaceOrientations = UIInterfaceOrientationPortrait;
				INFOPLIST_KEY_UISupportedInterfaceOrientations_iPad = "UIInterfaceOrientationLandscapeLeft UIInterfaceOrientationLandscapeRight UIInterfaceOrientationPortrait UIInterfaceOrientationPortraitUpsideDown";
				IPHONEOS_DEPLOYMENT_TARGET = 15.0;
				LD_RUNPATH_SEARCH_PATHS = (
					"$(inherited)",
					"@executable_path/Frameworks",
				);
				MARKETING_VERSION = 1.0;
				PRODUCT_BUNDLE_IDENTIFIER = com.sprun.GradePointAverage;
				PRODUCT_NAME = "$(TARGET_NAME)";
				SUPPORTED_PLATFORMS = "iphoneos iphonesimulator";
				SUPPORTS_MACCATALYST = NO;
				SUPPORTS_MAC_DESIGNED_FOR_IPHONE_IPAD = NO;
				SWIFT_EMIT_LOC_STRINGS = YES;
				SWIFT_VERSION = 5.0;
				TARGETED_DEVICE_FAMILY = 1;
			};
			name = Debug;
		};
		A808497B2BAB575000F295F5 /* Release */ = {
			isa = XCBuildConfiguration;
			buildSettings = {
				ASSETCATALOG_COMPILER_APPICON_NAME = AppIcon;
				ASSETCATALOG_COMPILER_GLOBAL_ACCENT_COLOR_NAME = AccentColor;
				CODE_SIGN_STYLE = Automatic;
				CURRENT_PROJECT_VERSION = 1;
				DEVELOPMENT_ASSET_PATHS = "\"GradePointAverage/Preview Content\"";
				DEVELOPMENT_TEAM = KCR277F8KP;
				ENABLE_PREVIEWS = YES;
				GENERATE_INFOPLIST_FILE = YES;
				INFOPLIST_KEY_UIApplicationSceneManifest_Generation = YES;
				INFOPLIST_KEY_UIApplicationSupportsIndirectInputEvents = YES;
				INFOPLIST_KEY_UILaunchScreen_Generation = YES;
				INFOPLIST_KEY_UISupportedInterfaceOrientations = UIInterfaceOrientationPortrait;
				INFOPLIST_KEY_UISupportedInterfaceOrientations_iPad = "UIInterfaceOrientationLandscapeLeft UIInterfaceOrientationLandscapeRight UIInterfaceOrientationPortrait UIInterfaceOrientationPortraitUpsideDown";
				IPHONEOS_DEPLOYMENT_TARGET = 15.0;
				LD_RUNPATH_SEARCH_PATHS = (
					"$(inherited)",
					"@executable_path/Frameworks",
				);
				MARKETING_VERSION = 1.0;
				PRODUCT_BUNDLE_IDENTIFIER = com.sprun.GradePointAverage;
				PRODUCT_NAME = "$(TARGET_NAME)";
				SUPPORTED_PLATFORMS = "iphoneos iphonesimulator";
				SUPPORTS_MACCATALYST = NO;
				SUPPORTS_MAC_DESIGNED_FOR_IPHONE_IPAD = NO;
				SWIFT_EMIT_LOC_STRINGS = YES;
				SWIFT_VERSION = 5.0;
				TARGETED_DEVICE_FAMILY = 1;
			};
			name = Release;
		};
/* End XCBuildConfiguration section */

/* Begin XCConfigurationList section */
		A80849662BAB574E00F295F5 /* Build configuration list for PBXProject "GradePointAverage" */ = {
			isa = XCConfigurationList;
			buildConfigurations = (
				A80849772BAB575000F295F5 /* Debug */,
				A80849782BAB575000F295F5 /* Release */,
			);
			defaultConfigurationIsVisible = 0;
			defaultConfigurationName = Release;
		};
		A80849792BAB575000F295F5 /* Build configuration list for PBXNativeTarget "GradePointAverage" */ = {
			isa = XCConfigurationList;
			buildConfigurations = (
				A808497A2BAB575000F295F5 /* Debug */,
				A808497B2BAB575000F295F5 /* Release */,
			);
			defaultConfigurationIsVisible = 0;
			defaultConfigurationName = Release;
		};
/* End XCConfigurationList section */
	};
	rootObject = A80849632BAB574E00F295F5 /* Project object */;
}
